
Microsoft Visual Studio Solution File, Format Version 12.00
# Visual Studio Version 16
VisualStudioVersion = 16.0.30621.155
MinimumVisualStudioVersion = 10.0.40219.1
Project("{FAE04EC0-301F-11D3-BF4B-00C04F79EFBC}") = "DataStructures", "DataStructures\DataStructures.csproj", "{43922751-2F51-48B9-9EEE-28499929B2F4}"
EndProject
Project("{FAE04EC0-301F-11D3-BF4B-00C04F79EFBC}") = "DataStructures.Tests", "DataStructures.Tests\DataStructures.Tests.csproj", "{23CEEBEF-76D7-4A19-97FD-FD81E37C9C5F}"
EndProject
Global
	GlobalSection(SolutionConfigurationPlatforms) = preSolution
		Debug|Any CPU = Debug|Any CPU
		Release|Any CPU = Release|Any CPU
	EndGlobalSection
	GlobalSection(ProjectConfigurationPlatforms) = postSolution
		{43922751-2F51-48B9-9EEE-28499929B2F4}.Debug|Any CPU.ActiveCfg = Debug|Any CPU
		{43922751-2F51-48B9-9EEE-28499929B2F4}.Debug|Any CPU.Build.0 = Debug|Any CPU
		{43922751-2F51-48B9-9EEE-28499929B2F4}.Release|Any CPU.ActiveCfg = Release|Any CPU
		{43922751-2F51-48B9-9EEE-28499929B2F4}.Release|Any CPU.Build.0 = Release|Any CPU
		{23CEEBEF-76D7-4A19-97FD-FD81E37C9C5F}.Debug|Any CPU.ActiveCfg = Debug|Any CPU
		{23CEEBEF-76D7-4A19-97FD-FD81E37C9C5F}.Debug|Any CPU.Build.0 = Debug|Any CPU
		{23CEEBEF-76D7-4A19-97FD-FD81E37C9C5F}.Release|Any CPU.ActiveCfg = Release|Any CPU
		{23CEEBEF-76D7-4A19-97FD-FD81E37C9C5F}.Release|Any CPU.Build.0 = Release|Any CPU
	EndGlobalSection
	GlobalSection(SolutionProperties) = preSolution
		HideSolutionNode = FALSE
	EndGlobalSection
	GlobalSection(ExtensibilityGlobals) = postSolution
		SolutionGuid = {330075FE-DF15-4502-9385-35AF66148048}
	EndGlobalSection
EndGlobal
